// !$*UTF8*$!
{
	archiveVersion = 1;
	classes = {
	};
	objectVersion = 46;
	objects = {

/* Begin PBXBuildFile section */
		32A4904E1CFA3EBA009D4A3F /* AppDelegate.swift in Sources */ = {isa = PBXBuildFile; fileRef = 32A4904D1CFA3EBA009D4A3F /* AppDelegate.swift */; };
		32A490501CFA3EBA009D4A3F /* ViewController.swift in Sources */ = {isa = PBXBuildFile; fileRef = 32A4904F1CFA3EBA009D4A3F /* ViewController.swift */; };
		32A490531CFA3EBA009D4A3F /* Main.storyboard in Resources */ = {isa = PBXBuildFile; fileRef = 32A490511CFA3EBA009D4A3F /* Main.storyboard */; };
		32A490551CFA3EBA009D4A3F /* Assets.xcassets in Resources */ = {isa = PBXBuildFile; fileRef = 32A490541CFA3EBA009D4A3F /* Assets.xcassets */; };
		32A490581CFA3EBA009D4A3F /* LaunchScreen.storyboard in Resources */ = {isa = PBXBuildFile; fileRef = 32A490561CFA3EBA009D4A3F /* LaunchScreen.storyboard */; };
		32A490631CFA3EBA009D4A3F /* TestSwiftProjectTests.swift in Sources */ = {isa = PBXBuildFile; fileRef = 32A490621CFA3EBA009D4A3F /* TestSwiftProjectTests.swift */; };
		32A4906E1CFA3EBA009D4A3F /* TestSwiftProjectUITests.swift in Sources */ = {isa = PBXBuildFile; fileRef = 32A4906D1CFA3EBA009D4A3F /* TestSwiftProjectUITests.swift */; };
		32A4907C1CFA3EEA009D4A3F /* ColorPicker.swift in Sources */ = {isa = PBXBuildFile; fileRef = 32A4907B1CFA3EEA009D4A3F /* ColorPicker.swift */; };
/* End PBXBuildFile section */

/* Begin PBXContainerItemProxy section */
		32A4905F1CFA3EBA009D4A3F /* PBXContainerItemProxy */ = {
			isa = PBXContainerItemProxy;
			containerPortal = 32A490421CFA3EBA009D4A3F /* Project object */;
			proxyType = 1;
			remoteGlobalIDString = 32A490491CFA3EBA009D4A3F;
			remoteInfo = TestSwiftProject;
		};
		32A4906A1CFA3EBA009D4A3F /* PBXContainerItemProxy */ = {
			isa = PBXContainerItemProxy;
			containerPortal = 32A490421CFA3EBA009D4A3F /* Project object */;
			proxyType = 1;
			remoteGlobalIDString = 32A490491CFA3EBA009D4A3F;
			remoteInfo = TestSwiftProject;
		};
/* End PBXContainerItemProxy section */

/* Begin PBXFileReference section */
		32A4904A1CFA3EBA009D4A3F /* TestSwiftProject.app */ = {isa = PBXFileReference; explicitFileType = wrapper.application; includeInIndex = 0; path = TestSwiftProject.app; sourceTree = BUILT_PRODUCTS_DIR; };
		32A4904D1CFA3EBA009D4A3F /* AppDelegate.swift */ = {isa = PBXFileReference; lastKnownFileType = sourcecode.swift; path = AppDelegate.swift; sourceTree = "<group>"; };
		32A4904F1CFA3EBA009D4A3F /* ViewController.swift */ = {isa = PBXFileReference; lastKnownFileType = sourcecode.swift; path = ViewController.swift; sourceTree = "<group>"; };
		32A490521CFA3EBA009D4A3F /* Base */ = {isa = PBXFileReference; lastKnownFileType = file.storyboard; name = Base; path = Base.lproj/Main.storyboard; sourceTree = "<group>"; };
		32A490541CFA3EBA009D4A3F /* Assets.xcassets */ = {isa = PBXFileReference; lastKnownFileType = folder.assetcatalog; path = Assets.xcassets; sourceTree = "<group>"; };
		32A490571CFA3EBA009D4A3F /* Base */ = {isa = PBXFileReference; lastKnownFileType = file.storyboard; name = Base; path = Base.lproj/LaunchScreen.storyboard; sourceTree = "<group>"; };
		32A490591CFA3EBA009D4A3F /* Info.plist */ = {isa = PBXFileReference; lastKnownFileType = text.plist.xml; path = Info.plist; sourceTree = "<group>"; };
		32A4905E1CFA3EBA009D4A3F /* TestSwiftProjectTests.xctest */ = {isa = PBXFileReference; explicitFileType = wrapper.cfbundle; includeInIndex = 0; path = TestSwiftProjectTests.xctest; sourceTree = BUILT_PRODUCTS_DIR; };
		32A490621CFA3EBA009D4A3F /* TestSwiftProjectTests.swift */ = {isa = PBXFileReference; lastKnownFileType = sourcecode.swift; path = TestSwiftProjectTests.swift; sourceTree = "<group>"; };
		32A490641CFA3EBA009D4A3F /* Info.plist */ = {isa = PBXFileReference; lastKnownFileType = text.plist.xml; path = Info.plist; sourceTree = "<group>"; };
		32A490691CFA3EBA009D4A3F /* TestSwiftProjectUITests.xctest */ = {isa = PBXFileReference; explicitFileType = wrapper.cfbundle; includeInIndex = 0; path = TestSwiftProjectUITests.xctest; sourceTree = BUILT_PRODUCTS_DIR; };
		32A4906D1CFA3EBA009D4A3F /* TestSwiftProjectUITests.swift */ = {isa = PBXFileReference; lastKnownFileType = sourcecode.swift; path = TestSwiftProjectUITests.swift; sourceTree = "<group>"; };
		32A4906F1CFA3EBA009D4A3F /* Info.plist */ = {isa = PBXFileReference; lastKnownFileType = text.plist.xml; path = Info.plist; sourceTree = "<group>"; };
		32A4907B1CFA3EEA009D4A3F /* ColorPicker.swift */ = {isa = PBXFileReference; fileEncoding = 4; lastKnownFileType = sourcecode.swift; path = ColorPicker.swift; sourceTree = "<group>"; };
/* End PBXFileReference section */

/* Begin PBXFrameworksBuildPhase section */
		32A490471CFA3EBA009D4A3F /* Frameworks */ = {
			isa = PBXFrameworksBuildPhase;
			buildActionMask = 2147483647;
			files = (
			);
			runOnlyForDeploymentPostprocessing = 0;
		};
		32A4905B1CFA3EBA009D4A3F /* Frameworks */ = {
			isa = PBXFrameworksBuildPhase;
			buildActionMask = 2147483647;
			files = (
			);
			runOnlyForDeploymentPostprocessing = 0;
		};
		32A490661CFA3EBA009D4A3F /* Frameworks */ = {
			isa = PBXFrameworksBuildPhase;
			buildActionMask = 2147483647;
			files = (
			);
			runOnlyForDeploymentPostprocessing = 0;
		};
/* End PBXFrameworksBuildPhase section */

/* Begin PBXGroup section */
		32A490411CFA3EBA009D4A3F = {
			isa = PBXGroup;
			children = (
				32A4904C1CFA3EBA009D4A3F /* TestSwiftProject */,
				32A490611CFA3EBA009D4A3F /* TestSwiftProjectTests */,
				32A4906C1CFA3EBA009D4A3F /* TestSwiftProjectUITests */,
				32A4904B1CFA3EBA009D4A3F /* Products */,
			);
			sourceTree = "<group>";
		};
		32A4904B1CFA3EBA009D4A3F /* Products */ = {
			isa = PBXGroup;
			children = (
				32A4904A1CFA3EBA009D4A3F /* TestSwiftProject.app */,
				32A4905E1CFA3EBA009D4A3F /* TestSwiftProjectTests.xctest */,
				32A490691CFA3EBA009D4A3F /* TestSwiftProjectUITests.xctest */,
			);
			name = Products;
			sourceTree = "<group>";
		};
		32A4904C1CFA3EBA009D4A3F /* TestSwiftProject */ = {
			isa = PBXGroup;
			children = (
				32A4904D1CFA3EBA009D4A3F /* AppDelegate.swift */,
				32A4904F1CFA3EBA009D4A3F /* ViewController.swift */,
				32A490511CFA3EBA009D4A3F /* Main.storyboard */,
				32A490541CFA3EBA009D4A3F /* Assets.xcassets */,
				32A490561CFA3EBA009D4A3F /* LaunchScreen.storyboard */,
				32A490591CFA3EBA009D4A3F /* Info.plist */,
				32A4907B1CFA3EEA009D4A3F /* ColorPicker.swift */,
			);
			path = TestSwiftProject;
			sourceTree = "<group>";
		};
		32A490611CFA3EBA009D4A3F /* TestSwiftProjectTests */ = {
			isa = PBXGroup;
			children = (
				32A490621CFA3EBA009D4A3F /* TestSwiftProjectTests.swift */,
				32A490641CFA3EBA009D4A3F /* Info.plist */,
			);
			path = TestSwiftProjectTests;
			sourceTree = "<group>";
		};
		32A4906C1CFA3EBA009D4A3F /* TestSwiftProjectUITests */ = {
			isa = PBXGroup;
			children = (
				32A4906D1CFA3EBA009D4A3F /* TestSwiftProjectUITests.swift */,
				32A4906F1CFA3EBA009D4A3F /* Info.plist */,
			);
			path = TestSwiftProjectUITests;
			sourceTree = "<group>";
		};
/* End PBXGroup section */

/* Begin PBXNativeTarget section */
		32A490491CFA3EBA009D4A3F /* TestSwiftProject */ = {
			isa = PBXNativeTarget;
			buildConfigurationList = 32A490721CFA3EBA009D4A3F /* Build configuration list for PBXNativeTarget "TestSwiftProject" */;
			buildPhases = (
				32A490461CFA3EBA009D4A3F /* Sources */,
				32A490471CFA3EBA009D4A3F /* Frameworks */,
				32A490481CFA3EBA009D4A3F /* Resources */,
			);
			buildRules = (
			);
			dependencies = (
			);
			name = TestSwiftProject;
			productName = TestSwiftProject;
			productReference = 32A4904A1CFA3EBA009D4A3F /* TestSwiftProject.app */;
			productType = "com.apple.product-type.application";
		};
		32A4905D1CFA3EBA009D4A3F /* TestSwiftProjectTests */ = {
			isa = PBXNativeTarget;
			buildConfigurationList = 32A490751CFA3EBA009D4A3F /* Build configuration list for PBXNativeTarget "TestSwiftProjectTests" */;
			buildPhases = (
				32A4905A1CFA3EBA009D4A3F /* Sources */,
				32A4905B1CFA3EBA009D4A3F /* Frameworks */,
				32A4905C1CFA3EBA009D4A3F /* Resources */,
			);
			buildRules = (
			);
			dependencies = (
				32A490601CFA3EBA009D4A3F /* PBXTargetDependency */,
			);
			name = TestSwiftProjectTests;
			productName = TestSwiftProjectTests;
			productReference = 32A4905E1CFA3EBA009D4A3F /* TestSwiftProjectTests.xctest */;
			productType = "com.apple.product-type.bundle.unit-test";
		};
		32A490681CFA3EBA009D4A3F /* TestSwiftProjectUITests */ = {
			isa = PBXNativeTarget;
			buildConfigurationList = 32A490781CFA3EBA009D4A3F /* Build configuration list for PBXNativeTarget "TestSwiftProjectUITests" */;
			buildPhases = (
				32A490651CFA3EBA009D4A3F /* Sources */,
				32A490661CFA3EBA009D4A3F /* Frameworks */,
				32A490671CFA3EBA009D4A3F /* Resources */,
			);
			buildRules = (
			);
			dependencies = (
				32A4906B1CFA3EBA009D4A3F /* PBXTargetDependency */,
			);
			name = TestSwiftProjectUITests;
			productName = TestSwiftProjectUITests;
			productReference = 32A490691CFA3EBA009D4A3F /* TestSwiftProjectUITests.xctest */;
			productType = "com.apple.product-type.bundle.ui-testing";
		};
/* End PBXNativeTarget section */

/* Begin PBXProject section */
		32A490421CFA3EBA009D4A3F /* Project object */ = {
			isa = PBXProject;
			attributes = {
				LastSwiftUpdateCheck = 0730;
				LastUpgradeCheck = 0730;
				ORGANIZATIONNAME = TheAppSpace;
				TargetAttributes = {
					32A490491CFA3EBA009D4A3F = {
						CreatedOnToolsVersion = 7.3;
					};
					32A4905D1CFA3EBA009D4A3F = {
						CreatedOnToolsVersion = 7.3;
						TestTargetID = 32A490491CFA3EBA009D4A3F;
					};
					32A490681CFA3EBA009D4A3F = {
						CreatedOnToolsVersion = 7.3;
						TestTargetID = 32A490491CFA3EBA009D4A3F;
					};
				};
			};
			buildConfigurationList = 32A490451CFA3EBA009D4A3F /* Build configuration list for PBXProject "TestSwiftProject" */;
			compatibilityVersion = "Xcode 3.2";
			developmentRegion = English;
			hasScannedForEncodings = 0;
			knownRegions = (
				en,
				Base,
			);
			mainGroup = 32A490411CFA3EBA009D4A3F;
			productRefGroup = 32A4904B1CFA3EBA009D4A3F /* Products */;
			projectDirPath = "";
			projectRoot = "";
			targets = (
				32A490491CFA3EBA009D4A3F /* TestSwiftProject */,
				32A4905D1CFA3EBA009D4A3F /* TestSwiftProjectTests */,
				32A490681CFA3EBA009D4A3F /* TestSwiftProjectUITests */,
			);
		};
/* End PBXProject section */

/* Begin PBXResourcesBuildPhase section */
		32A490481CFA3EBA009D4A3F /* Resources */ = {
			isa = PBXResourcesBuildPhase;
			buildActionMask = 2147483647;
			files = (
				32A490581CFA3EBA009D4A3F /* LaunchScreen.storyboard in Resources */,
				32A490551CFA3EBA009D4A3F /* Assets.xcassets in Resources */,
				32A490531CFA3EBA009D4A3F /* Main.storyboard in Resources */,
			);
			runOnlyForDeploymentPostprocessing = 0;
		};
		32A4905C1CFA3EBA009D4A3F /* Resources */ = {
			isa = PBXResourcesBuildPhase;
			buildActionMask = 2147483647;
			files = (
			);
			runOnlyForDeploymentPostprocessing = 0;
		};
		32A490671CFA3EBA009D4A3F /* Resources */ = {
			isa = PBXResourcesBuildPhase;
			buildActionMask = 2147483647;
			files = (
			);
			runOnlyForDeploymentPostprocessing = 0;
		};
/* End PBXResourcesBuildPhase section */

/* Begin PBXSourcesBuildPhase section */
		32A490461CFA3EBA009D4A3F /* Sources */ = {
			isa = PBXSourcesBuildPhase;
			buildActionMask = 2147483647;
			files = (
				32A490501CFA3EBA009D4A3F /* ViewController.swift in Sources */,
				32A4904E1CFA3EBA009D4A3F /* AppDelegate.swift in Sources */,
				32A4907C1CFA3EEA009D4A3F /* ColorPicker.swift in Sources */,
			);
			runOnlyForDeploymentPostprocessing = 0;
		};
		32A4905A1CFA3EBA009D4A3F /* Sources */ = {
			isa = PBXSourcesBuildPhase;
			buildActionMask = 2147483647;
			files = (
				32A490631CFA3EBA009D4A3F /* TestSwiftProjectTests.swift in Sources */,
			);
			runOnlyForDeploymentPostprocessing = 0;
		};
		32A490651CFA3EBA009D4A3F /* Sources */ = {
			isa = PBXSourcesBuildPhase;
			buildActionMask = 2147483647;
			files = (
				32A4906E1CFA3EBA009D4A3F /* TestSwiftProjectUITests.swift in Sources */,
			);
			runOnlyForDeploymentPostprocessing = 0;
		};
/* End PBXSourcesBuildPhase section */

/* Begin PBXTargetDependency section */
		32A490601CFA3EBA009D4A3F /* PBXTargetDependency */ = {
			isa = PBXTargetDependency;
			target = 32A490491CFA3EBA009D4A3F /* TestSwiftProject */;
			targetProxy = 32A4905F1CFA3EBA009D4A3F /* PBXContainerItemProxy */;
		};
		32A4906B1CFA3EBA009D4A3F /* PBXTargetDependency */ = {
			isa = PBXTargetDependency;
			target = 32A490491CFA3EBA009D4A3F /* TestSwiftProject */;
			targetProxy = 32A4906A1CFA3EBA009D4A3F /* PBXContainerItemProxy */;
		};
/* End PBXTargetDependency section */

/* Begin PBXVariantGroup section */
		32A490511CFA3EBA009D4A3F /* Main.storyboard */ = {
			isa = PBXVariantGroup;
			children = (
				32A490521CFA3EBA009D4A3F /* Base */,
			);
			name = Main.storyboard;
			sourceTree = "<group>";
		};
		32A490561CFA3EBA009D4A3F /* LaunchScreen.storyboard */ = {
			isa = PBXVariantGroup;
			children = (
				32A490571CFA3EBA009D4A3F /* Base */,
			);
			name = LaunchScreen.storyboard;
			sourceTree = "<group>";
		};
/* End PBXVariantGroup section */

/* Begin XCBuildConfiguration section */
		32A490701CFA3EBA009D4A3F /* Debug */ = {
			isa = XCBuildConfiguration;
			buildSettings = {
				ALWAYS_SEARCH_USER_PATHS = NO;
				CLANG_ANALYZER_NONNULL = YES;
				CLANG_CXX_LANGUAGE_STANDARD = "gnu++0x";
				CLANG_CXX_LIBRARY = "libc++";
				CLANG_ENABLE_MODULES = YES;
				CLANG_ENABLE_OBJC_ARC = YES;
				CLANG_WARN_BOOL_CONVERSION = YES;
				CLANG_WARN_CONSTANT_CONVERSION = YES;
				CLANG_WARN_DIRECT_OBJC_ISA_USAGE = YES_ERROR;
				CLANG_WARN_EMPTY_BODY = YES;
				CLANG_WARN_ENUM_CONVERSION = YES;
				CLANG_WARN_INT_CONVERSION = YES;
				CLANG_WARN_OBJC_ROOT_CLASS = YES_ERROR;
				CLANG_WARN_UNREACHABLE_CODE = YES;
				CLANG_WARN__DUPLICATE_METHOD_MATCH = YES;
				"CODE_SIGN_IDENTITY[sdk=iphoneos*]" = "iPhone Developer";
				COPY_PHASE_STRIP = NO;
				DEBUG_INFORMATION_FORMAT = dwarf;
				ENABLE_STRICT_OBJC_MSGSEND = YES;
				ENABLE_TESTABILITY = YES;
				GCC_C_LANGUAGE_STANDARD = gnu99;
				GCC_DYNAMIC_NO_PIC = NO;
				GCC_NO_COMMON_BLOCKS = YES;
				GCC_OPTIMIZATION_LEVEL = 0;
				GCC_PREPROCESSOR_DEFINITIONS = (
					"DEBUG=1",
					"$(inherited)",
				);
				GCC_WARN_64_TO_32_BIT_CONVERSION = YES;
				GCC_WARN_ABOUT_RETURN_TYPE = YES_ERROR;
				GCC_WARN_UNDECLARED_SELECTOR = YES;
				GCC_WARN_UNINITIALIZED_AUTOS = YES_AGGRESSIVE;
				GCC_WARN_UNUSED_FUNCTION = YES;
				GCC_WARN_UNUSED_VARIABLE = YES;
				IPHONEOS_DEPLOYMENT_TARGET = 9.3;
				MTL_ENABLE_DEBUG_INFO = YES;
				ONLY_ACTIVE_ARCH = YES;
				SDKROOT = iphoneos;
				SWIFT_OPTIMIZATION_LEVEL = "-Onone";
				TARGETED_DEVICE_FAMILY = "1,2";
			};
			name = Debug;
		};
		32A490711CFA3EBA009D4A3F /* Release */ = {
			isa = XCBuildConfiguration;
			buildSettings = {
				ALWAYS_SEARCH_USER_PATHS = NO;
				CLANG_ANALYZER_NONNULL = YES;
				CLANG_CXX_LANGUAGE_STANDARD = "gnu++0x";
				CLANG_CXX_LIBRARY = "libc++";
				CLANG_ENABLE_MODULES = YES;
				CLANG_ENABLE_OBJC_ARC = YES;
				CLANG_WARN_BOOL_CONVERSION = YES;
				CLANG_WARN_CONSTANT_CONVERSION = YES;
				CLANG_WARN_DIRECT_OBJC_ISA_USAGE = YES_ERROR;
				CLANG_WARN_EMPTY_BODY = YES;
				CLANG_WARN_ENUM_CONVERSION = YES;
				CLANG_WARN_INT_CONVERSION = YES;
				CLANG_WARN_OBJC_ROOT_CLASS = YES_ERROR;
				CLANG_WARN_UNREACHABLE_CODE = YES;
				CLANG_WARN__DUPLICATE_METHOD_MATCH = YES;
				"CODE_SIGN_IDENTITY[sdk=iphoneos*]" = "iPhone Developer";
				COPY_PHASE_STRIP = NO;
				DEBUG_INFORMATION_FORMAT = "dwarf-with-dsym";
				ENABLE_NS_ASSERTIONS = NO;
				ENABLE_STRICT_OBJC_MSGSEND = YES;
				GCC_C_LANGUAGE_STANDARD = gnu99;
				GCC_NO_COMMON_BLOCKS = YES;
				GCC_WARN_64_TO_32_BIT_CONVERSION = YES;
				GCC_WARN_ABOUT_RETURN_TYPE = YES_ERROR;
				GCC_WARN_UNDECLARED_SELECTOR = YES;
				GCC_WARN_UNINITIALIZED_AUTOS = YES_AGGRESSIVE;
				GCC_WARN_UNUSED_FUNCTION = YES;
				GCC_WARN_UNUSED_VARIABLE = YES;
				IPHONEOS_DEPLOYMENT_TARGET = 9.3;
				MTL_ENABLE_DEBUG_INFO = NO;
				SDKROOT = iphoneos;
				TARGETED_DEVICE_FAMILY = "1,2";
				VALIDATE_PRODUCT = YES;
			};
			name = Release;
		};
		32A490731CFA3EBA009D4A3F /* Debug */ = {
			isa = XCBuildConfiguration;
			buildSettings = {
				ASSETCATALOG_COMPILER_APPICON_NAME = AppIcon;
				INFOPLIST_FILE = TestSwiftProject/Info.plist;
				LD_RUNPATH_SEARCH_PATHS = "$(inherited) @executable_path/Frameworks";
				PRODUCT_BUNDLE_IDENTIFIER = com.theappspace.TestSwiftProject;
				PRODUCT_NAME = "$(TARGET_NAME)";
			};
			name = Debug;
		};
		32A490741CFA3EBA009D4A3F /* Release */ = {
			isa = XCBuildConfiguration;
			buildSettings = {
				ASSETCATALOG_COMPILER_APPICON_NAME = AppIcon;
				INFOPLIST_FILE = TestSwiftProject/Info.plist;
				LD_RUNPATH_SEARCH_PATHS = "$(inherited) @executable_path/Frameworks";
				PRODUCT_BUNDLE_IDENTIFIER = com.theappspace.TestSwiftProject;
				PRODUCT_NAME = "$(TARGET_NAME)";
			};
			name = Release;
		};
		32A490761CFA3EBA009D4A3F /* Debug */ = {
			isa = XCBuildConfiguration;
			buildSettings = {
				BUNDLE_LOADER = "$(TEST_HOST)";
				INFOPLIST_FILE = TestSwiftProjectTests/Info.plist;
				LD_RUNPATH_SEARCH_PATHS = "$(inherited) @executable_path/Frameworks @loader_path/Frameworks";
				PRODUCT_BUNDLE_IDENTIFIER = com.theappspace.TestSwiftProjectTests;
				PRODUCT_NAME = "$(TARGET_NAME)";
				TEST_HOST = "$(BUILT_PRODUCTS_DIR)/TestSwiftProject.app/TestSwiftProject";
			};
			name = Debug;
		};
		32A490771CFA3EBA009D4A3F /* Release */ = {
			isa = XCBuildConfiguration;
			buildSettings = {
				BUNDLE_LOADER = "$(TEST_HOST)";
				INFOPLIST_FILE = TestSwiftProjectTests/Info.plist;
				LD_RUNPATH_SEARCH_PATHS = "$(inherited) @executable_path/Frameworks @loader_path/Frameworks";
				PRODUCT_BUNDLE_IDENTIFIER = com.theappspace.TestSwiftProjectTests;
				PRODUCT_NAME = "$(TARGET_NAME)";
				TEST_HOST = "$(BUILT_PRODUCTS_DIR)/TestSwiftProject.app/TestSwiftProject";
			};
			name = Release;
		};
		32A490791CFA3EBA009D4A3F /* Debug */ = {
			isa = XCBuildConfiguration;
			buildSettings = {
				INFOPLIST_FILE = TestSwiftProjectUITests/Info.plist;
				LD_RUNPATH_SEARCH_PATHS = "$(inherited) @executable_path/Frameworks @loader_path/Frameworks";
				PRODUCT_BUNDLE_IDENTIFIER = com.theappspace.TestSwiftProjectUITests;
				PRODUCT_NAME = "$(TARGET_NAME)";
				TEST_TARGET_NAME = TestSwiftProject;
			};
			name = Debug;
		};
		32A4907A1CFA3EBA009D4A3F /* Release */ = {
			isa = XCBuildConfiguration;
			buildSettings = {
				INFOPLIST_FILE = TestSwiftProjectUITests/Info.plist;
				LD_RUNPATH_SEARCH_PATHS = "$(inherited) @executable_path/Frameworks @loader_path/Frameworks";
				PRODUCT_BUNDLE_IDENTIFIER = com.theappspace.TestSwiftProjectUITests;
				PRODUCT_NAME = "$(TARGET_NAME)";
				TEST_TARGET_NAME = TestSwiftProject;
			};
			name = Release;
		};
/* End XCBuildConfiguration section */

/* Begin XCConfigurationList section */
		32A490451CFA3EBA009D4A3F /* Build configuration list for PBXProject "TestSwiftProject" */ = {
			isa = XCConfigurationList;
			buildConfigurations = (
				32A490701CFA3EBA009D4A3F /* Debug */,
				32A490711CFA3EBA009D4A3F /* Release */,
			);
			defaultConfigurationIsVisible = 0;
			defaultConfigurationName = Release;
		};
		32A490721CFA3EBA009D4A3F /* Build configuration list for PBXNativeTarget "TestSwiftProject" */ = {
			isa = XCConfigurationList;
			buildConfigurations = (
				32A490731CFA3EBA009D4A3F /* Debug */,
				32A490741CFA3EBA009D4A3F /* Release */,
			);
			defaultConfigurationIsVisible = 0;
		};
		32A490751CFA3EBA009D4A3F /* Build configuration list for PBXNativeTarget "TestSwiftProjectTests" */ = {
			isa = XCConfigurationList;
			buildConfigurations = (
				32A490761CFA3EBA009D4A3F /* Debug */,
				32A490771CFA3EBA009D4A3F /* Release */,
			);
			defaultConfigurationIsVisible = 0;
		};
		32A490781CFA3EBA009D4A3F /* Build configuration list for PBXNativeTarget "TestSwiftProjectUITests" */ = {
			isa = XCConfigurationList;
			buildConfigurations = (
				32A490791CFA3EBA009D4A3F /* Debug */,
				32A4907A1CFA3EBA009D4A3F /* Release */,
			);
			defaultConfigurationIsVisible = 0;
		};
/* End XCConfigurationList section */
	};
	rootObject = 32A490421CFA3EBA009D4A3F /* Project object */;
}
